{
  "name": "unitytestrunnerinterpreter",
  "version": "1.0.0",
  "lockfileVersion": 1,
  "requires": true,
  "dependencies": {
    "@actions/core": {
      "version": "1.2.0",
      "resolved": "https://registry.npmjs.org/@actions/core/-/core-1.2.0.tgz",
      "integrity": "sha512-ZKdyhlSlyz38S6YFfPnyNgCDZuAF2T0Qv5eHflNWytPS8Qjvz39bZFMry9Bb/dpSnqWcNeav5yM2CTYpJeY+Dw=="
    },
    "@types/node": {
      "version": "12.12.8",
      "resolved": "https://registry.npmjs.org/@types/node/-/node-12.12.8.tgz",
      "integrity": "sha512-XLla8N+iyfjvsa0KKV+BP/iGSoTmwxsu5Ci5sM33z9TjohF72DEz95iNvD6pPmemvbQgxAv/909G73gUn8QR7w==",
      "dev": true
    },
    "os": {
      "version": "0.1.1",
      "resolved": "https://registry.npmjs.org/os/-/os-0.1.1.tgz",
      "integrity": "sha1-IIhF6J4ZOtTZcUdLk5R3NqVtE/M="
    },
    "sxml": {
      "version": "1.0.4",
      "resolved": "https://registry.npmjs.org/sxml/-/sxml-1.0.4.tgz",
      "integrity": "sha512-OH+esgfwtbLUbsTLCE1bkuOfxIDs5r+nuNF4TMVGBJv0dZxMvU1IaZ9yiUwncX3G7ARbdugySlWsFydiL5nPzA==",
      "requires": {
        "tstl": ">= 2.3.0"
      }
    },
    "tstl": {
      "version": "2.3.0",
      "resolved": "https://registry.npmjs.org/tstl/-/tstl-2.3.0.tgz",
      "integrity": "sha512-9Idl1T1cbl5RpVFBMlmfKivv+AimqrNjML0Em2rTBMjKcob1iNXlA7P8E5Lc5P59WEHw2YwEdd/WqyyvV2k7Vg=="
    },
    "typescript": {
      "version": "3.7.2",
      "resolved": "https://registry.npmjs.org/typescript/-/typescript-3.7.2.tgz",
      "integrity": "sha512-ml7V7JfiN2Xwvcer+XAf2csGO1bPBdRbFCkYBczNZggrBZ9c7G3riSUeJmqEU5uOtXNPMhE3n+R4FA/3YOAWOQ==",
      "dev": true
    }
  }
}
